// !$*UTF8*$!
{
	archiveVersion = 1;
	classes = {
	};
	objectVersion = 50;
	objects = {

/* Begin PBXBuildFile section */
		FEB008F5222E07AA00CB66FF /* ViewController.swift in Sources */ = {isa = PBXBuildFile; fileRef = FEB008ED222E07AA00CB66FF /* ViewController.swift */; };
		FEB008F6222E07AA00CB66FF /* App.swift in Sources */ = {isa = PBXBuildFile; fileRef = FEB008EE222E07AA00CB66FF /* App.swift */; };
		FEB008F8222E07AA00CB66FF /* dep.swift in Sources */ = {isa = PBXBuildFile; fileRef = FEB008F0222E07AA00CB66FF /* dep.swift */; };
		FEB008FA222E07AA00CB66FF /* main.swift in Sources */ = {isa = PBXBuildFile; fileRef = FEB008F3222E07AA00CB66FF /* main.swift */; };
		FEB008FB222E07AA00CB66FF /* WindowBuilder.swift in Sources */ = {isa = PBXBuildFile; fileRef = FEB008F4222E07AA00CB66FF /* WindowBuilder.swift */; };
/* End PBXBuildFile section */

/* Begin PBXCopyFilesBuildPhase section */
		FEB008DF222E076900CB66FF /* CopyFiles */ = {
			isa = PBXCopyFilesBuildPhase;
			buildActionMask = 2147483647;
			dstPath = /usr/share/man/man1/;
			dstSubfolderSpec = 0;
			files = (
			);
			runOnlyForDeploymentPostprocessing = 1;
		};
/* End PBXCopyFilesBuildPhase section */

/* Begin PBXFileReference section */
		FEB008E1222E076900CB66FF /* macOSAppBoilerplate */ = {isa = PBXFileReference; explicitFileType = "compiled.mach-o.executable"; includeInIndex = 0; path = macOSAppBoilerplate; sourceTree = BUILT_PRODUCTS_DIR; };
		FEB008ED222E07AA00CB66FF /* ViewController.swift */ = {isa = PBXFileReference; fileEncoding = 4; lastKnownFileType = sourcecode.swift; path = ViewController.swift; sourceTree = "<group>"; };
		FEB008EE222E07AA00CB66FF /* App.swift */ = {isa = PBXFileReference; fileEncoding = 4; lastKnownFileType = sourcecode.swift; path = App.swift; sourceTree = "<group>"; };
		FEB008F0222E07AA00CB66FF /* dep.swift */ = {isa = PBXFileReference; fileEncoding = 4; lastKnownFileType = sourcecode.swift; path = dep.swift; sourceTree = "<group>"; };
		FEB008F3222E07AA00CB66FF /* main.swift */ = {isa = PBXFileReference; fileEncoding = 4; lastKnownFileType = sourcecode.swift; path = main.swift; sourceTree = "<group>"; };
		FEB008F4222E07AA00CB66FF /* WindowBuilder.swift */ = {isa = PBXFileReference; fileEncoding = 4; lastKnownFileType = sourcecode.swift; path = WindowBuilder.swift; sourceTree = "<group>"; };
/* End PBXFileReference section */

/* Begin PBXFrameworksBuildPhase section */
		FEB008DE222E076900CB66FF /* Frameworks */ = {
			isa = PBXFrameworksBuildPhase;
			buildActionMask = 2147483647;
			files = (
			);
			runOnlyForDeploymentPostprocessing = 0;
		};
/* End PBXFrameworksBuildPhase section */

/* Begin PBXGroup section */
		FEB008D8222E076900CB66FF = {
			isa = PBXGroup;
			children = (
				FEB008E3222E076900CB66FF /* macOSAppBoilerplate */,
				FEB008E2222E076900CB66FF /* Products */,
			);
			sourceTree = "<group>";
		};
		FEB008E2222E076900CB66FF /* Products */ = {
			isa = PBXGroup;
			children = (
				FEB008E1222E076900CB66FF /* macOSAppBoilerplate */,
			);
			name = Products;
			sourceTree = "<group>";
		};
		FEB008E3222E076900CB66FF /* macOSAppBoilerplate */ = {
			isa = PBXGroup;
			children = (
				FEB008EB222E07AA00CB66FF /* Adapter */,
				FEB008F0222E07AA00CB66FF /* dep.swift */,
				FEB008F3222E07AA00CB66FF /* main.swift */,
				FEB008F4222E07AA00CB66FF /* WindowBuilder.swift */,
			);
			path = macOSAppBoilerplate;
			sourceTree = "<group>";
		};
		FEB008EB222E07AA00CB66FF /* Adapter */ = {
			isa = PBXGroup;
			children = (
				FEB008EC222E07AA00CB66FF /* controller */,
			);
			path = Adapter;
			sourceTree = "<group>";
		};
		FEB008EC222E07AA00CB66FF /* controller */ = {
			isa = PBXGroup;
			children = (
				FEB008ED222E07AA00CB66FF /* ViewController.swift */,
				FEB008EE222E07AA00CB66FF /* App.swift */,
			);
			path = controller;
			sourceTree = "<group>";
		};
/* End PBXGroup section */

/* Begin PBXNativeTarget section */
		FEB008E0222E076900CB66FF /* macOSAppBoilerplate */ = {
			isa = PBXNativeTarget;
			buildConfigurationList = FEB008E8222E076900CB66FF /* Build configuration list for PBXNativeTarget "macOSAppBoilerplate" */;
			buildPhases = (
				FEB008DD222E076900CB66FF /* Sources */,
				FEB008DE222E076900CB66FF /* Frameworks */,
				FEB008DF222E076900CB66FF /* CopyFiles */,
			);
			buildRules = (
			);
			dependencies = (
			);
			name = macOSAppBoilerplate;
			productName = macOSAppBoilerplate;
			productReference = FEB008E1222E076900CB66FF /* macOSAppBoilerplate */;
			productType = "com.apple.product-type.tool";
		};
/* End PBXNativeTarget section */

/* Begin PBXProject section */
		FEB008D9222E076900CB66FF /* Project object */ = {
			isa = PBXProject;
			attributes = {
				LastSwiftUpdateCheck = 1010;
				LastUpgradeCheck = 1010;
				ORGANIZATIONNAME = "Harry Liu";
				TargetAttributes = {
					FEB008E0222E076900CB66FF = {
						CreatedOnToolsVersion = 10.1;
						LastSwiftMigration = 1010;
					};
				};
			};
			buildConfigurationList = FEB008DC222E076900CB66FF /* Build configuration list for PBXProject "macOSAppBoilerplate" */;
			compatibilityVersion = "Xcode 9.3";
			developmentRegion = en;
			hasScannedForEncodings = 0;
			knownRegions = (
				en,
			);
			mainGroup = FEB008D8222E076900CB66FF;
			productRefGroup = FEB008E2222E076900CB66FF /* Products */;
			projectDirPath = "";
			projectRoot = "";
			targets = (
				FEB008E0222E076900CB66FF /* macOSAppBoilerplate */,
			);
		};
/* End PBXProject section */

/* Begin PBXSourcesBuildPhase section */
		FEB008DD222E076900CB66FF /* Sources */ = {
			isa = PBXSourcesBuildPhase;
			buildActionMask = 2147483647;
			files = (
				FEB008F6222E07AA00CB66FF /* App.swift in Sources */,
				FEB008FA222E07AA00CB66FF /* main.swift in Sources */,
				FEB008F8222E07AA00CB66FF /* dep.swift in Sources */,
				FEB008FB222E07AA00CB66FF /* WindowBuilder.swift in Sources */,
				FEB008F5222E07AA00CB66FF /* ViewController.swift in Sources */,
			);
			runOnlyForDeploymentPostprocessing = 0;
		};
/* End PBXSourcesBuildPhase section */

/* Begin XCBuildConfiguration section */
		FEB008E6222E076900CB66FF /* Debug */ = {
			isa = XCBuildConfiguration;
			buildSettings = {
				ALWAYS_SEARCH_USER_PATHS = NO;
				CLANG_ANALYZER_NONNULL = YES;
				CLANG_ANALYZER_NUMBER_OBJECT_CONVERSION = YES_AGGRESSIVE;
				CLANG_CXX_LANGUAGE_STANDARD = "gnu++14";
				CLANG_CXX_LIBRARY = "libc++";
				CLANG_ENABLE_MODULES = YES;
				CLANG_ENABLE_OBJC_ARC = YES;
				CLANG_ENABLE_OBJC_WEAK = YES;
				CLANG_WARN_BLOCK_CAPTURE_AUTORELEASING = YES;
				CLANG_WARN_BOOL_CONVERSION = YES;
				CLANG_WARN_COMMA = YES;
				CLANG_WARN_CONSTANT_CONVERSION = YES;
				CLANG_WARN_DEPRECATED_OBJC_IMPLEMENTATIONS = YES;
				CLANG_WARN_DIRECT_OBJC_ISA_USAGE = YES_ERROR;
				CLANG_WARN_DOCUMENTATION_COMMENTS = YES;
				CLANG_WARN_EMPTY_BODY = YES;
				CLANG_WARN_ENUM_CONVERSION = YES;
				CLANG_WARN_INFINITE_RECURSION = YES;
				CLANG_WARN_INT_CONVERSION = YES;
				CLANG_WARN_NON_LITERAL_NULL_CONVERSION = YES;
				CLANG_WARN_OBJC_IMPLICIT_RETAIN_SELF = YES;
				CLANG_WARN_OBJC_LITERAL_CONVERSION = YES;
				CLANG_WARN_OBJC_ROOT_CLASS = YES_ERROR;
				CLANG_WARN_RANGE_LOOP_ANALYSIS = YES;
				CLANG_WARN_STRICT_PROTOTYPES = YES;
				CLANG_WARN_SUSPICIOUS_MOVE = YES;
				CLANG_WARN_UNGUARDED_AVAILABILITY = YES_AGGRESSIVE;
				CLANG_WARN_UNREACHABLE_CODE = YES;
				CLANG_WARN__DUPLICATE_METHOD_MATCH = YES;
				CODE_SIGN_IDENTITY = "Mac Developer";
				COPY_PHASE_STRIP = NO;
				DEBUG_INFORMATION_FORMAT = dwarf;
				ENABLE_STRICT_OBJC_MSGSEND = YES;
				ENABLE_TESTABILITY = YES;
				GCC_C_LANGUAGE_STANDARD = gnu11;
				GCC_DYNAMIC_NO_PIC = NO;
				GCC_NO_COMMON_BLOCKS = YES;
				GCC_OPTIMIZATION_LEVEL = 0;
				GCC_PREPROCESSOR_DEFINITIONS = (
					"DEBUG=1",
					"$(inherited)",
				);
				GCC_WARN_64_TO_32_BIT_CONVERSION = YES;
				GCC_WARN_ABOUT_RETURN_TYPE = YES_ERROR;
				GCC_WARN_UNDECLARED_SELECTOR = YES;
				GCC_WARN_UNINITIALIZED_AUTOS = YES_AGGRESSIVE;
				GCC_WARN_UNUSED_FUNCTION = YES;
				GCC_WARN_UNUSED_VARIABLE = YES;
				MACOSX_DEPLOYMENT_TARGET = 10.13;
				MTL_ENABLE_DEBUG_INFO = INCLUDE_SOURCE;
				MTL_FAST_MATH = YES;
				ONLY_ACTIVE_ARCH = YES;
				SDKROOT = macosx;
				SWIFT_ACTIVE_COMPILATION_CONDITIONS = DEBUG;
				SWIFT_OPTIMIZATION_LEVEL = "-Onone";
			};
			name = Debug;
		};
		FEB008E7222E076900CB66FF /* Release */ = {
			isa = XCBuildConfiguration;
			buildSettings = {
				ALWAYS_SEARCH_USER_PATHS = NO;
				CLANG_ANALYZER_NONNULL = YES;
				CLANG_ANALYZER_NUMBER_OBJECT_CONVERSION = YES_AGGRESSIVE;
				CLANG_CXX_LANGUAGE_STANDARD = "gnu++14";
				CLANG_CXX_LIBRARY = "libc++";
				CLANG_ENABLE_MODULES = YES;
				CLANG_ENABLE_OBJC_ARC = YES;
				CLANG_ENABLE_OBJC_WEAK = YES;
				CLANG_WARN_BLOCK_CAPTURE_AUTORELEASING = YES;
				CLANG_WARN_BOOL_CONVERSION = YES;
				CLANG_WARN_COMMA = YES;
				CLANG_WARN_CONSTANT_CONVERSION = YES;
				CLANG_WARN_DEPRECATED_OBJC_IMPLEMENTATIONS = YES;
				CLANG_WARN_DIRECT_OBJC_ISA_USAGE = YES_ERROR;
				CLANG_WARN_DOCUMENTATION_COMMENTS = YES;
				CLANG_WARN_EMPTY_BODY = YES;
				CLANG_WARN_ENUM_CONVERSION = YES;
				CLANG_WARN_INFINITE_RECURSION = YES;
				CLANG_WARN_INT_CONVERSION = YES;
				CLANG_WARN_NON_LITERAL_NULL_CONVERSION = YES;
				CLANG_WARN_OBJC_IMPLICIT_RETAIN_SELF = YES;
				CLANG_WARN_OBJC_LITERAL_CONVERSION = YES;
				CLANG_WARN_OBJC_ROOT_CLASS = YES_ERROR;
				CLANG_WARN_RANGE_LOOP_ANALYSIS = YES;
				CLANG_WARN_STRICT_PROTOTYPES = YES;
				CLANG_WARN_SUSPICIOUS_MOVE = YES;
				CLANG_WARN_UNGUARDED_AVAILABILITY = YES_AGGRESSIVE;
				CLANG_WARN_UNREACHABLE_CODE = YES;
				CLANG_WARN__DUPLICATE_METHOD_MATCH = YES;
				CODE_SIGN_IDENTITY = "Mac Developer";
				COPY_PHASE_STRIP = NO;
				DEBUG_INFORMATION_FORMAT = "dwarf-with-dsym";
				ENABLE_NS_ASSERTIONS = NO;
				ENABLE_STRICT_OBJC_MSGSEND = YES;
				GCC_C_LANGUAGE_STANDARD = gnu11;
				GCC_NO_COMMON_BLOCKS = YES;
				GCC_WARN_64_TO_32_BIT_CONVERSION = YES;
				GCC_WARN_ABOUT_RETURN_TYPE = YES_ERROR;
				GCC_WARN_UNDECLARED_SELECTOR = YES;
				GCC_WARN_UNINITIALIZED_AUTOS = YES_AGGRESSIVE;
				GCC_WARN_UNUSED_FUNCTION = YES;
				GCC_WARN_UNUSED_VARIABLE = YES;
				MACOSX_DEPLOYMENT_TARGET = 10.13;
				MTL_ENABLE_DEBUG_INFO = NO;
				MTL_FAST_MATH = YES;
				SDKROOT = macosx;
				SWIFT_COMPILATION_MODE = wholemodule;
				SWIFT_OPTIMIZATION_LEVEL = "-O";
			};
			name = Release;
		};
		FEB008E9222E076900CB66FF /* Debug */ = {
			isa = XCBuildConfiguration;
			buildSettings = {
				CLANG_ENABLE_MODULES = YES;
				CODE_SIGN_STYLE = Automatic;
				DEVELOPMENT_TEAM = NG4G76E9WF;
				LD_RUNPATH_SEARCH_PATHS = (
					"$(inherited)",
					"@executable_path/../Frameworks",
					"@loader_path/../Frameworks",
				);
				PRODUCT_NAME = "$(TARGET_NAME)";
				SWIFT_OPTIMIZATION_LEVEL = "-Onone";
				SWIFT_VERSION = 4.2;
			};
			name = Debug;
		};
		FEB008EA222E076900CB66FF /* Release */ = {
			isa = XCBuildConfiguration;
			buildSettings = {
				CLANG_ENABLE_MODULES = YES;
				CODE_SIGN_STYLE = Automatic;
				DEVELOPMENT_TEAM = NG4G76E9WF;
				LD_RUNPATH_SEARCH_PATHS = (
					"$(inherited)",
					"@executable_path/../Frameworks",
					"@loader_path/../Frameworks",
				);
				PRODUCT_NAME = "$(TARGET_NAME)";
				SWIFT_VERSION = 4.2;
			};
			name = Release;
		};
/* End XCBuildConfiguration section */

/* Begin XCConfigurationList section */
		FEB008DC222E076900CB66FF /* Build configuration list for PBXProject "macOSAppBoilerplate" */ = {
			isa = XCConfigurationList;
			buildConfigurations = (
				FEB008E6222E076900CB66FF /* Debug */,
				FEB008E7222E076900CB66FF /* Release */,
			);
			defaultConfigurationIsVisible = 0;
			defaultConfigurationName = Release;
		};
		FEB008E8222E076900CB66FF /* Build configuration list for PBXNativeTarget "macOSAppBoilerplate" */ = {
			isa = XCConfigurationList;
			buildConfigurations = (
				FEB008E9222E076900CB66FF /* Debug */,
				FEB008EA222E076900CB66FF /* Release */,
			);
			defaultConfigurationIsVisible = 0;
			defaultConfigurationName = Release;
		};
/* End XCConfigurationList section */
	};
	rootObject = FEB008D9222E076900CB66FF /* Project object */;
}
